
Microsoft Visual Studio Solution File, Format Version 12.00
# Visual Studio Version 17
VisualStudioVersion = 17.8.34330.188
MinimumVisualStudioVersion = 10.0.40219.1
Project("{9A19103F-16F7-4668-BE54-9A1E7A4F7556}") = "Cryptography.API", "Cryptography.API\Cryptography.API.csproj", "{74243C31-EF60-4844-8626-539105F8E7CE}"
EndProject
Project("{9A19103F-16F7-4668-BE54-9A1E7A4F7556}") = "Cryptography.Domain", "Cryptography.Domain\Cryptography.Domain.csproj", "{499B8529-5ADC-4797-99BC-F649DDB02ADF}"
EndProject
Project("{9A19103F-16F7-4668-BE54-9A1E7A4F7556}") = "Cryptography.Services", "Cryptography.Services\Cryptography.Services.csproj", "{80CB5760-75B5-4447-B5A2-201AAEB3777C}"
EndProject
Global
	GlobalSection(SolutionConfigurationPlatforms) = preSolution
		Debug|Any CPU = Debug|Any CPU
		Release|Any CPU = Release|Any CPU
	EndGlobalSection
	GlobalSection(ProjectConfigurationPlatforms) = postSolution
		{74243C31-EF60-4844-8626-539105F8E7CE}.Debug|Any CPU.ActiveCfg = Debug|Any CPU
		{74243C31-EF60-4844-8626-539105F8E7CE}.Debug|Any CPU.Build.0 = Debug|Any CPU
		{74243C31-EF60-4844-8626-539105F8E7CE}.Release|Any CPU.ActiveCfg = Release|Any CPU
		{74243C31-EF60-4844-8626-539105F8E7CE}.Release|Any CPU.Build.0 = Release|Any CPU
		{499B8529-5ADC-4797-99BC-F649DDB02ADF}.Debug|Any CPU.ActiveCfg = Debug|Any CPU
		{499B8529-5ADC-4797-99BC-F649DDB02ADF}.Debug|Any CPU.Build.0 = Debug|Any CPU
		{499B8529-5ADC-4797-99BC-F649DDB02ADF}.Release|Any CPU.ActiveCfg = Release|Any CPU
		{499B8529-5ADC-4797-99BC-F649DDB02ADF}.Release|Any CPU.Build.0 = Release|Any CPU
		{80CB5760-75B5-4447-B5A2-201AAEB3777C}.Debug|Any CPU.ActiveCfg = Debug|Any CPU
		{80CB5760-75B5-4447-B5A2-201AAEB3777C}.Debug|Any CPU.Build.0 = Debug|Any CPU
		{80CB5760-75B5-4447-B5A2-201AAEB3777C}.Release|Any CPU.ActiveCfg = Release|Any CPU
		{80CB5760-75B5-4447-B5A2-201AAEB3777C}.Release|Any CPU.Build.0 = Release|Any CPU
	EndGlobalSection
	GlobalSection(SolutionProperties) = preSolution
		HideSolutionNode = FALSE
	EndGlobalSection
	GlobalSection(ExtensibilityGlobals) = postSolution
		SolutionGuid = {755A26B9-01AA-4C27-ABB7-682BDA114E5F}
	EndGlobalSection
EndGlobal
